
Microsoft Visual Studio Solution File, Format Version 12.00
# Visual Studio Version 17
VisualStudioVersion = 17.4.33213.308
MinimumVisualStudioVersion = 10.0.40219.1
Project("{FAE04EC0-301F-11D3-BF4B-00C04F79EFBC}") = "gitrepo test", "gitrepo test.csproj", "{30DBF6C8-DD04-4021-9285-6480564C296C}"
EndProject
Global
	GlobalSection(SolutionConfigurationPlatforms) = preSolution
		Debug|Any CPU = Debug|Any CPU
		Release|Any CPU = Release|Any CPU
	EndGlobalSection
	GlobalSection(ProjectConfigurationPlatforms) = postSolution
		{30DBF6C8-DD04-4021-9285-6480564C296C}.Debug|Any CPU.ActiveCfg = Debug|Any CPU
		{30DBF6C8-DD04-4021-9285-6480564C296C}.Debug|Any CPU.Build.0 = Debug|Any CPU
		{30DBF6C8-DD04-4021-9285-6480564C296C}.Release|Any CPU.ActiveCfg = Release|Any CPU
		{30DBF6C8-DD04-4021-9285-6480564C296C}.Release|Any CPU.Build.0 = Release|Any CPU
	EndGlobalSection
	GlobalSection(SolutionProperties) = preSolution
		HideSolutionNode = FALSE
	EndGlobalSection
	GlobalSection(ExtensibilityGlobals) = postSolution
		SolutionGuid = {F7162098-98EC-4347-9434-2C01CF47BF30}
	EndGlobalSection
EndGlobal
